
Microsoft Visual Studio Solution File, Format Version 12.00
# Visual Studio 15
VisualStudioVersion = 15.0.27428.1
MinimumVisualStudioVersion = 10.0.40219.1
Project("{8BC9CEB8-8B4A-11D0-8D11-00A0C91BC942}") = "me.cqp.soul.sign", "CQPdemo\CQPDemo.vcxproj", "{9D36EAFF-6BF0-4BDE-A20C-5BCB92DE79D6}"
EndProject
Global
	GlobalSection(SolutionConfigurationPlatforms) = preSolution
		Debug|Win32 = Debug|Win32
		Debug|x64 = Debug|x64
		Release|Win32 = Release|Win32
		Release|x64 = Release|x64
	EndGlobalSection
	GlobalSection(ProjectConfigurationPlatforms) = postSolution
		{9D36EAFF-6BF0-4BDE-A20C-5BCB92DE79D6}.Debug|Win32.ActiveCfg = Release|Win32
		{9D36EAFF-6BF0-4BDE-A20C-5BCB92DE79D6}.Debug|Win32.Build.0 = Release|Win32
		{9D36EAFF-6BF0-4BDE-A20C-5BCB92DE79D6}.Debug|x64.ActiveCfg = Debug|x64
		{9D36EAFF-6BF0-4BDE-A20C-5BCB92DE79D6}.Debug|x64.Build.0 = Debug|x64
		{9D36EAFF-6BF0-4BDE-A20C-5BCB92DE79D6}.Release|Win32.ActiveCfg = Release|Win32
		{9D36EAFF-6BF0-4BDE-A20C-5BCB92DE79D6}.Release|Win32.Build.0 = Release|Win32
		{9D36EAFF-6BF0-4BDE-A20C-5BCB92DE79D6}.Release|x64.ActiveCfg = Release|x64
		{9D36EAFF-6BF0-4BDE-A20C-5BCB92DE79D6}.Release|x64.Build.0 = Release|x64
	EndGlobalSection
	GlobalSection(SolutionProperties) = preSolution
		HideSolutionNode = FALSE
	EndGlobalSection
	GlobalSection(ExtensibilityGlobals) = postSolution
		SolutionGuid = {CF3E85A8-DD54-4037-B116-52D4DD9A80AD}
	EndGlobalSection
EndGlobal
